
Microsoft Visual Studio Solution File, Format Version 12.00
# Visual Studio Version 17
VisualStudioVersion = 17.14.36414.22 d17.14
MinimumVisualStudioVersion = 10.0.40219.1
Project("{FAE04EC0-301F-11D3-BF4B-00C04F79EFBC}") = "ComfyUIClientWrapper", "ComfyUIClientWrapper\ComfyUIClientWrapper.csproj", "{16E8A9FD-F541-47C2-AEDA-5AB9BA3DAD23}"
EndProject
Project("{B7DD6F7E-DEF8-4E67-B5B7-07EF123DB6F0}") = "ComfyUIClientWrapperInstaller", "ComfyUIClientWrapperInstaller\ComfyUIClientWrapperInstaller.wixproj", "{995F2712-47A3-7E81-79F3-21F2450C9A18}"
EndProject
Project("{C7167F0D-BC9F-4E6E-AFE1-012C56B48DB5}") = "ComfyUIClientWrapperModern (Package)", "ComfyUIClientWrapperModern\ComfyUIClientWrapperModern (Package)\ComfyUIClientWrapperModern (Package).wapproj", "{F2134D1C-C967-4251-BF22-C4D2412412DC}"
EndProject
Project("{FAE04EC0-301F-11D3-BF4B-00C04F79EFBC}") = "ComfyUIClientWrapperModern", "ComfyUIClientWrapperModern\ComfyUIClientWrapperModern\ComfyUIClientWrapperModern.csproj", "{F613E361-6261-41A5-85A4-44CB2D97841F}"
EndProject
Global
	GlobalSection(SolutionConfigurationPlatforms) = preSolution
		Debug|Any CPU = Debug|Any CPU
		Debug|ARM64 = Debug|ARM64
		Debug|x64 = Debug|x64
		Debug|x86 = Debug|x86
		Release|Any CPU = Release|Any CPU
		Release|ARM64 = Release|ARM64
		Release|x64 = Release|x64
		Release|x86 = Release|x86
	EndGlobalSection
	GlobalSection(ProjectConfigurationPlatforms) = postSolution
		{16E8A9FD-F541-47C2-AEDA-5AB9BA3DAD23}.Debug|Any CPU.ActiveCfg = Debug|Any CPU
		{16E8A9FD-F541-47C2-AEDA-5AB9BA3DAD23}.Debug|Any CPU.Build.0 = Debug|Any CPU
		{16E8A9FD-F541-47C2-AEDA-5AB9BA3DAD23}.Debug|ARM64.ActiveCfg = Debug|Any CPU
		{16E8A9FD-F541-47C2-AEDA-5AB9BA3DAD23}.Debug|ARM64.Build.0 = Debug|Any CPU
		{16E8A9FD-F541-47C2-AEDA-5AB9BA3DAD23}.Debug|x64.ActiveCfg = Debug|Any CPU
		{16E8A9FD-F541-47C2-AEDA-5AB9BA3DAD23}.Debug|x64.Build.0 = Debug|Any CPU
		{16E8A9FD-F541-47C2-AEDA-5AB9BA3DAD23}.Debug|x86.ActiveCfg = Debug|Any CPU
		{16E8A9FD-F541-47C2-AEDA-5AB9BA3DAD23}.Debug|x86.Build.0 = Debug|Any CPU
		{16E8A9FD-F541-47C2-AEDA-5AB9BA3DAD23}.Release|Any CPU.ActiveCfg = Release|Any CPU
		{16E8A9FD-F541-47C2-AEDA-5AB9BA3DAD23}.Release|Any CPU.Build.0 = Release|Any CPU
		{16E8A9FD-F541-47C2-AEDA-5AB9BA3DAD23}.Release|ARM64.ActiveCfg = Release|Any CPU
		{16E8A9FD-F541-47C2-AEDA-5AB9BA3DAD23}.Release|ARM64.Build.0 = Release|Any CPU
		{16E8A9FD-F541-47C2-AEDA-5AB9BA3DAD23}.Release|x64.ActiveCfg = Release|Any CPU
		{16E8A9FD-F541-47C2-AEDA-5AB9BA3DAD23}.Release|x64.Build.0 = Release|Any CPU
		{16E8A9FD-F541-47C2-AEDA-5AB9BA3DAD23}.Release|x86.ActiveCfg = Release|Any CPU
		{16E8A9FD-F541-47C2-AEDA-5AB9BA3DAD23}.Release|x86.Build.0 = Release|Any CPU
		{995F2712-47A3-7E81-79F3-21F2450C9A18}.Debug|Any CPU.ActiveCfg = Debug|x64
		{995F2712-47A3-7E81-79F3-21F2450C9A18}.Debug|ARM64.ActiveCfg = Debug|ARM64
		{995F2712-47A3-7E81-79F3-21F2450C9A18}.Debug|ARM64.Build.0 = Debug|ARM64
		{995F2712-47A3-7E81-79F3-21F2450C9A18}.Debug|x64.ActiveCfg = Debug|x64
		{995F2712-47A3-7E81-79F3-21F2450C9A18}.Debug|x64.Build.0 = Debug|x64
		{995F2712-47A3-7E81-79F3-21F2450C9A18}.Debug|x86.ActiveCfg = Debug|x86
		{995F2712-47A3-7E81-79F3-21F2450C9A18}.Debug|x86.Build.0 = Debug|x86
		{995F2712-47A3-7E81-79F3-21F2450C9A18}.Release|Any CPU.ActiveCfg = Release|x64
		{995F2712-47A3-7E81-79F3-21F2450C9A18}.Release|ARM64.ActiveCfg = Release|ARM64
		{995F2712-47A3-7E81-79F3-21F2450C9A18}.Release|ARM64.Build.0 = Release|ARM64
		{995F2712-47A3-7E81-79F3-21F2450C9A18}.Release|x64.ActiveCfg = Release|x64
		{995F2712-47A3-7E81-79F3-21F2450C9A18}.Release|x64.Build.0 = Release|x64
		{995F2712-47A3-7E81-79F3-21F2450C9A18}.Release|x86.ActiveCfg = Release|x86
		{995F2712-47A3-7E81-79F3-21F2450C9A18}.Release|x86.Build.0 = Release|x86
		{F2134D1C-C967-4251-BF22-C4D2412412DC}.Debug|Any CPU.ActiveCfg = Debug|x64
		{F2134D1C-C967-4251-BF22-C4D2412412DC}.Debug|Any CPU.Build.0 = Debug|x64
		{F2134D1C-C967-4251-BF22-C4D2412412DC}.Debug|Any CPU.Deploy.0 = Debug|x64
		{F2134D1C-C967-4251-BF22-C4D2412412DC}.Debug|ARM64.ActiveCfg = Debug|ARM64
		{F2134D1C-C967-4251-BF22-C4D2412412DC}.Debug|ARM64.Build.0 = Debug|ARM64
		{F2134D1C-C967-4251-BF22-C4D2412412DC}.Debug|ARM64.Deploy.0 = Debug|ARM64
		{F2134D1C-C967-4251-BF22-C4D2412412DC}.Debug|x64.ActiveCfg = Debug|x64
		{F2134D1C-C967-4251-BF22-C4D2412412DC}.Debug|x64.Build.0 = Debug|x64
		{F2134D1C-C967-4251-BF22-C4D2412412DC}.Debug|x64.Deploy.0 = Debug|x64
		{F2134D1C-C967-4251-BF22-C4D2412412DC}.Debug|x86.ActiveCfg = Debug|x86
		{F2134D1C-C967-4251-BF22-C4D2412412DC}.Debug|x86.Build.0 = Debug|x86
		{F2134D1C-C967-4251-BF22-C4D2412412DC}.Debug|x86.Deploy.0 = Debug|x86
		{F2134D1C-C967-4251-BF22-C4D2412412DC}.Release|Any CPU.ActiveCfg = Release|x64
		{F2134D1C-C967-4251-BF22-C4D2412412DC}.Release|Any CPU.Build.0 = Release|x64
		{F2134D1C-C967-4251-BF22-C4D2412412DC}.Release|Any CPU.Deploy.0 = Release|x64
		{F2134D1C-C967-4251-BF22-C4D2412412DC}.Release|ARM64.ActiveCfg = Release|ARM64
		{F2134D1C-C967-4251-BF22-C4D2412412DC}.Release|ARM64.Build.0 = Release|ARM64
		{F2134D1C-C967-4251-BF22-C4D2412412DC}.Release|ARM64.Deploy.0 = Release|ARM64
		{F2134D1C-C967-4251-BF22-C4D2412412DC}.Release|x64.ActiveCfg = Release|x64
		{F2134D1C-C967-4251-BF22-C4D2412412DC}.Release|x64.Build.0 = Release|x64
		{F2134D1C-C967-4251-BF22-C4D2412412DC}.Release|x64.Deploy.0 = Release|x64
		{F2134D1C-C967-4251-BF22-C4D2412412DC}.Release|x86.ActiveCfg = Release|x86
		{F2134D1C-C967-4251-BF22-C4D2412412DC}.Release|x86.Build.0 = Release|x86
		{F2134D1C-C967-4251-BF22-C4D2412412DC}.Release|x86.Deploy.0 = Release|x86
		{F613E361-6261-41A5-85A4-44CB2D97841F}.Debug|Any CPU.ActiveCfg = Debug|x64
		{F613E361-6261-41A5-85A4-44CB2D97841F}.Debug|Any CPU.Build.0 = Debug|x64
		{F613E361-6261-41A5-85A4-44CB2D97841F}.Debug|ARM64.ActiveCfg = Debug|ARM64
		{F613E361-6261-41A5-85A4-44CB2D97841F}.Debug|ARM64.Build.0 = Debug|ARM64
		{F613E361-6261-41A5-85A4-44CB2D97841F}.Debug|x64.ActiveCfg = Debug|x64
		{F613E361-6261-41A5-85A4-44CB2D97841F}.Debug|x64.Build.0 = Debug|x64
		{F613E361-6261-41A5-85A4-44CB2D97841F}.Debug|x86.ActiveCfg = Debug|x86
		{F613E361-6261-41A5-85A4-44CB2D97841F}.Debug|x86.Build.0 = Debug|x86
		{F613E361-6261-41A5-85A4-44CB2D97841F}.Release|Any CPU.ActiveCfg = Release|x64
		{F613E361-6261-41A5-85A4-44CB2D97841F}.Release|Any CPU.Build.0 = Release|x64
		{F613E361-6261-41A5-85A4-44CB2D97841F}.Release|ARM64.ActiveCfg = Release|ARM64
		{F613E361-6261-41A5-85A4-44CB2D97841F}.Release|ARM64.Build.0 = Release|ARM64
		{F613E361-6261-41A5-85A4-44CB2D97841F}.Release|x64.ActiveCfg = Release|x64
		{F613E361-6261-41A5-85A4-44CB2D97841F}.Release|x64.Build.0 = Release|x64
		{F613E361-6261-41A5-85A4-44CB2D97841F}.Release|x86.ActiveCfg = Release|x86
		{F613E361-6261-41A5-85A4-44CB2D97841F}.Release|x86.Build.0 = Release|x86
	EndGlobalSection
	GlobalSection(SolutionProperties) = preSolution
		HideSolutionNode = FALSE
	EndGlobalSection
EndGlobal
